{
  "name": "miniprogram-1",
  "version": "1.0.0",
  "lockfileVersion": 3,
  "requires": true,
  "packages": {
    "": {
      "name": "miniprogram-1",
      "version": "1.0.0",
      "license": "ISC",
      "dependencies": {
        "miniprogram-component-plus": "^1.0.0"
      }
    },
    "node_modules/miniprogram-component-plus": {
      "version": "1.0.0",
      "resolved": "https://registry.npmmirror.com/miniprogram-component-plus/-/miniprogram-component-plus-1.0.0.tgz",
      "integrity": "sha512-7Go24W76Pkq1QpmY1jiu83zRCw/A5ytE03kJddr7bMl5T+jx6hHVoG4/od5GS9MBFdIo5OmXcrPzz+VsThw2TQ=="
    }
  }
}
